
Microsoft Visual Studio Solution File, Format Version 12.00
Project("{FAE04EC0-301F-11D3-BF4B-00C04F79EFBC}") = "Rubiks.Logic", "Rubiks.Logic\Rubiks.Logic.csproj", "{95E65AC2-F497-4CC4-A1D7-ABA85D583044}"
EndProject
Project("{FAE04EC0-301F-11D3-BF4B-00C04F79EFBC}") = "Rubiks.Logic.Tests", "Rubiks.Logic.Tests\Rubiks.Logic.Tests.csproj", "{C7A1BE82-A4D6-4FF4-B53C-803D64308ECB}"
EndProject
Global
	GlobalSection(SolutionConfigurationPlatforms) = preSolution
		Debug|Any CPU = Debug|Any CPU
		Release|Any CPU = Release|Any CPU
	EndGlobalSection
	GlobalSection(ProjectConfigurationPlatforms) = postSolution
		{95E65AC2-F497-4CC4-A1D7-ABA85D583044}.Debug|Any CPU.ActiveCfg = Debug|Any CPU
		{95E65AC2-F497-4CC4-A1D7-ABA85D583044}.Debug|Any CPU.Build.0 = Debug|Any CPU
		{95E65AC2-F497-4CC4-A1D7-ABA85D583044}.Release|Any CPU.ActiveCfg = Release|Any CPU
		{95E65AC2-F497-4CC4-A1D7-ABA85D583044}.Release|Any CPU.Build.0 = Release|Any CPU
		{C7A1BE82-A4D6-4FF4-B53C-803D64308ECB}.Debug|Any CPU.ActiveCfg = Debug|Any CPU
		{C7A1BE82-A4D6-4FF4-B53C-803D64308ECB}.Debug|Any CPU.Build.0 = Debug|Any CPU
		{C7A1BE82-A4D6-4FF4-B53C-803D64308ECB}.Release|Any CPU.ActiveCfg = Release|Any CPU
		{C7A1BE82-A4D6-4FF4-B53C-803D64308ECB}.Release|Any CPU.Build.0 = Release|Any CPU
	EndGlobalSection
EndGlobal
